PODS:
  - nimbbl_mobile_kit_ios_core_api_sdk (2.0.15)
  - nimbbl_mobile_kit_ios_webview_sdk (2.0.16):
    - nimbbl_mobile_kit_ios_core_api_sdk (= 2.0.15)

DEPENDENCIES:
  - nimbbl_mobile_kit_ios_webview_sdk (= 2.0.16)

SPEC REPOS:
  trunk:
    - nimbbl_mobile_kit_ios_core_api_sdk
    - nimbbl_mobile_kit_ios_webview_sdk

SPEC CHECKSUMS:
  nimbbl_mobile_kit_ios_core_api_sdk: 16d757964b7cc873eb5fdc012e747d88a811186f
  nimbbl_mobile_kit_ios_webview_sdk: 22907fdfb5d7bf2a216eb6b53ce4ab028f494bdd

PODFILE CHECKSUM: fb79c7bddf6d6dfa5c1e591c8a61cd78b9b752b1

COCOAPODS: 1.16.2
