PODS:
  - nimbbl_mobile_kit_ios_core_api_sdk (2.0.4)
  - nimbbl_mobile_kit_ios_webview_sdk (2.0.4):
    - nimbbl_mobile_kit_ios_core_api_sdk (~> 2.0.4)

DEPENDENCIES:
  - nimbbl_mobile_kit_ios_webview_sdk (~> 2.0.4)

SPEC REPOS:
  trunk:
    - nimbbl_mobile_kit_ios_core_api_sdk
    - nimbbl_mobile_kit_ios_webview_sdk

SPEC CHECKSUMS:
  nimbbl_mobile_kit_ios_core_api_sdk: 6c7bf32f6c2619b099864f88ef7ee1e1387a8f9b
  nimbbl_mobile_kit_ios_webview_sdk: 7414ad49eb21b5ce2a497932a53cf60c61ee3795

PODFILE CHECKSUM: 33e6e805198412cbc547aacade527083438d281c

COCOAPODS: 1.16.2
